
Microsoft Visual Studio Solution File, Format Version 12.00
# Visual Studio Version 16
VisualStudioVersion = 16.0.32602.290
MinimumVisualStudioVersion = 10.0.40219.1
Project("{FAE04EC0-301F-11D3-BF4B-00C04F79EFBC}") = "Tema4-Superheroes", "Tema4-Superheroes\Tema4-Superheroes.csproj", "{8257A643-2832-45C8-AE89-69776C6C649B}"
EndProject
Global
	GlobalSection(SolutionConfigurationPlatforms) = preSolution
		Debug|Any CPU = Debug|Any CPU
		Release|Any CPU = Release|Any CPU
	EndGlobalSection
	GlobalSection(ProjectConfigurationPlatforms) = postSolution
		{8257A643-2832-45C8-AE89-69776C6C649B}.Debug|Any CPU.ActiveCfg = Debug|Any CPU
		{8257A643-2832-45C8-AE89-69776C6C649B}.Debug|Any CPU.Build.0 = Debug|Any CPU
		{8257A643-2832-45C8-AE89-69776C6C649B}.Release|Any CPU.ActiveCfg = Release|Any CPU
		{8257A643-2832-45C8-AE89-69776C6C649B}.Release|Any CPU.Build.0 = Release|Any CPU
	EndGlobalSection
	GlobalSection(SolutionProperties) = preSolution
		HideSolutionNode = FALSE
	EndGlobalSection
	GlobalSection(ExtensibilityGlobals) = postSolution
		SolutionGuid = {D26D79F0-0AB6-4A37-9FEA-06829DDFFAC3}
	EndGlobalSection
EndGlobal
